# THIS IS AN AUTOGENERATED FILE. DO NOT EDIT THIS FILE DIRECTLY.
# yarn lockfile v1


dotenv@^16.4.7:
  version "16.4.7"
  resolved "https://registry.yarnpkg.com/dotenv/-/dotenv-16.4.7.tgz#0e20c5b82950140aa99be360a8a5f52335f53c26"
  integrity sha512-47qPchRCykZC03FhkYAhrvwU4xDBFIj1QPqaarj6mdM/hgUzfPHcpkHJOn3mJAufFeeAxAzeGsr5X0M4k6fLZQ==

nodemailer@^6.9.0:
  version "6.9.0"
  resolved "https://registry.yarnpkg.com/nodemailer/-/nodemailer-6.9.0.tgz#a17488ff470ff9edf1bb31d9ec23079bc94f7dd3"
  integrity sha512-jFaCEGTeT3E/m/5R2MHWiyQH3pSARECRUDM+1hokOYc3lQAAG7ASuy+2jIsYVf+RVa9zePopSQwKNVFH8DKUpA==
